PODS:
  - ScrollableGraphView (4.0.6)

DEPENDENCIES:
  - ScrollableGraphView

SPEC REPOS:
  https://github.com/cocoapods/specs.git:
    - ScrollableGraphView

SPEC CHECKSUMS:
  ScrollableGraphView: 4af35d4ea9ecdec665d34a74da51da161ddff8ac

PODFILE CHECKSUM: e4222351593eb3c5e4cab5635775182a44bb2024

COCOAPODS: 1.5.3
