// !$*UTF8*$!
{
	archiveVersion = 1;
	classes = {
	};
	objectVersion = 50;
	objects = {

/* Begin PBXBuildFile section */
		B832211921AC995D00000076 /* AppDelegate.swift in Sources */ = {isa = PBXBuildFile; fileRef = B832211821AC995D00000076 /* AppDelegate.swift */; };
		B832211B21AC995D00000076 /* ViewController.swift in Sources */ = {isa = PBXBuildFile; fileRef = B832211A21AC995D00000076 /* ViewController.swift */; };
		B832211E21AC995D00000076 /* Main.storyboard in Resources */ = {isa = PBXBuildFile; fileRef = B832211C21AC995D00000076 /* Main.storyboard */; };
		B832212021AC995E00000076 /* Assets.xcassets in Resources */ = {isa = PBXBuildFile; fileRef = B832211F21AC995E00000076 /* Assets.xcassets */; };
		B832212321AC995E00000076 /* LaunchScreen.storyboard in Resources */ = {isa = PBXBuildFile; fileRef = B832212121AC995E00000076 /* LaunchScreen.storyboard */; };
		B832212E21AC995E00000076 /* BodyWeightTrackerTests.swift in Sources */ = {isa = PBXBuildFile; fileRef = B832212D21AC995E00000076 /* BodyWeightTrackerTests.swift */; };
		B832213C21ADDC8400000076 /* MeasurementDatabase.xcdatamodeld in Sources */ = {isa = PBXBuildFile; fileRef = B832213A21ADDC8400000076 /* MeasurementDatabase.xcdatamodeld */; };
		B899A5C221B1AC52009830C0 /* MeasurementTableCell.swift in Sources */ = {isa = PBXBuildFile; fileRef = B899A5C121B1AC52009830C0 /* MeasurementTableCell.swift */; };
		B899A5C421B1AD76009830C0 /* MeasurementTableViewController.swift in Sources */ = {isa = PBXBuildFile; fileRef = B899A5C321B1AD76009830C0 /* MeasurementTableViewController.swift */; };
/* End PBXBuildFile section */

/* Begin PBXContainerItemProxy section */
		B832212A21AC995E00000076 /* PBXContainerItemProxy */ = {
			isa = PBXContainerItemProxy;
			containerPortal = B832210D21AC995D00000076 /* Project object */;
			proxyType = 1;
			remoteGlobalIDString = B832211421AC995D00000076;
			remoteInfo = BodyWeightTracker;
		};
/* End PBXContainerItemProxy section */

/* Begin PBXFileReference section */
		B832211521AC995D00000076 /* BodyWeightTracker.app */ = {isa = PBXFileReference; explicitFileType = wrapper.application; includeInIndex = 0; path = BodyWeightTracker.app; sourceTree = BUILT_PRODUCTS_DIR; };
		B832211821AC995D00000076 /* AppDelegate.swift */ = {isa = PBXFileReference; lastKnownFileType = sourcecode.swift; path = AppDelegate.swift; sourceTree = "<group>"; };
		B832211A21AC995D00000076 /* ViewController.swift */ = {isa = PBXFileReference; lastKnownFileType = sourcecode.swift; path = ViewController.swift; sourceTree = "<group>"; };
		B832211D21AC995D00000076 /* Base */ = {isa = PBXFileReference; lastKnownFileType = file.storyboard; name = Base; path = Base.lproj/Main.storyboard; sourceTree = "<group>"; };
		B832211F21AC995E00000076 /* Assets.xcassets */ = {isa = PBXFileReference; lastKnownFileType = folder.assetcatalog; path = Assets.xcassets; sourceTree = "<group>"; };
		B832212221AC995E00000076 /* Base */ = {isa = PBXFileReference; lastKnownFileType = file.storyboard; name = Base; path = Base.lproj/LaunchScreen.storyboard; sourceTree = "<group>"; };
		B832212421AC995E00000076 /* Info.plist */ = {isa = PBXFileReference; lastKnownFileType = text.plist.xml; path = Info.plist; sourceTree = "<group>"; };
		B832212921AC995E00000076 /* BodyWeightTrackerTests.xctest */ = {isa = PBXFileReference; explicitFileType = wrapper.cfbundle; includeInIndex = 0; path = BodyWeightTrackerTests.xctest; sourceTree = BUILT_PRODUCTS_DIR; };
		B832212D21AC995E00000076 /* BodyWeightTrackerTests.swift */ = {isa = PBXFileReference; lastKnownFileType = sourcecode.swift; path = BodyWeightTrackerTests.swift; sourceTree = "<group>"; };
		B832212F21AC995E00000076 /* Info.plist */ = {isa = PBXFileReference; lastKnownFileType = text.plist.xml; path = Info.plist; sourceTree = "<group>"; };
		B832213B21ADDC8400000076 /* MeasurementDatabase.xcdatamodel */ = {isa = PBXFileReference; lastKnownFileType = wrapper.xcdatamodel; path = MeasurementDatabase.xcdatamodel; sourceTree = "<group>"; };
		B899A5C121B1AC52009830C0 /* MeasurementTableCell.swift */ = {isa = PBXFileReference; lastKnownFileType = sourcecode.swift; path = MeasurementTableCell.swift; sourceTree = "<group>"; };
		B899A5C321B1AD76009830C0 /* MeasurementTableViewController.swift */ = {isa = PBXFileReference; lastKnownFileType = sourcecode.swift; name = MeasurementTableViewController.swift; path = "BodyWeightTracker/View Controllers/MeasurementTableViewController.swift"; sourceTree = SOURCE_ROOT; };
/* End PBXFileReference section */

/* Begin PBXFrameworksBuildPhase section */
		B832211221AC995D00000076 /* Frameworks */ = {
			isa = PBXFrameworksBuildPhase;
			buildActionMask = 2147483647;
			files = (
			);
			runOnlyForDeploymentPostprocessing = 0;
		};
		B832212621AC995E00000076 /* Frameworks */ = {
			isa = PBXFrameworksBuildPhase;
			buildActionMask = 2147483647;
			files = (
			);
			runOnlyForDeploymentPostprocessing = 0;
		};
/* End PBXFrameworksBuildPhase section */

/* Begin PBXGroup section */
		B832210C21AC995D00000076 = {
			isa = PBXGroup;
			children = (
				B832211721AC995D00000076 /* BodyWeightTracker */,
				B832212C21AC995E00000076 /* BodyWeightTrackerTests */,
				B832211621AC995D00000076 /* Products */,
			);
			sourceTree = "<group>";
		};
		B832211621AC995D00000076 /* Products */ = {
			isa = PBXGroup;
			children = (
				B832211521AC995D00000076 /* BodyWeightTracker.app */,
				B832212921AC995E00000076 /* BodyWeightTrackerTests.xctest */,
			);
			name = Products;
			sourceTree = "<group>";
		};
		B832211721AC995D00000076 /* BodyWeightTracker */ = {
			isa = PBXGroup;
			children = (
				B832211821AC995D00000076 /* AppDelegate.swift */,
				B89AE61D21B098310002B55B /* Model */,
				B89AE61E21B098790002B55B /* View Controllers */,
				B89AE61F21B098A50002B55B /* Views */,
				B832211F21AC995E00000076 /* Assets.xcassets */,
				B832212421AC995E00000076 /* Info.plist */,
			);
			path = BodyWeightTracker;
			sourceTree = "<group>";
		};
		B832212C21AC995E00000076 /* BodyWeightTrackerTests */ = {
			isa = PBXGroup;
			children = (
				B832212D21AC995E00000076 /* BodyWeightTrackerTests.swift */,
				B832212F21AC995E00000076 /* Info.plist */,
			);
			path = BodyWeightTrackerTests;
			sourceTree = "<group>";
		};
		B89AE61D21B098310002B55B /* Model */ = {
			isa = PBXGroup;
			children = (
				B832213A21ADDC8400000076 /* MeasurementDatabase.xcdatamodeld */,
			);
			path = Model;
			sourceTree = "<group>";
		};
		B89AE61E21B098790002B55B /* View Controllers */ = {
			isa = PBXGroup;
			children = (
				B832211A21AC995D00000076 /* ViewController.swift */,
				B899A5C321B1AD76009830C0 /* MeasurementTableViewController.swift */,
			);
			path = "View Controllers";
			sourceTree = "<group>";
		};
		B89AE61F21B098A50002B55B /* Views */ = {
			isa = PBXGroup;
			children = (
				B832211C21AC995D00000076 /* Main.storyboard */,
				B899A5C121B1AC52009830C0 /* MeasurementTableCell.swift */,
				B832212121AC995E00000076 /* LaunchScreen.storyboard */,
			);
			path = Views;
			sourceTree = "<group>";
		};
/* End PBXGroup section */

/* Begin PBXNativeTarget section */
		B832211421AC995D00000076 /* BodyWeightTracker */ = {
			isa = PBXNativeTarget;
			buildConfigurationList = B832213221AC995E00000076 /* Build configuration list for PBXNativeTarget "BodyWeightTracker" */;
			buildPhases = (
				B832211121AC995D00000076 /* Sources */,
				B832211221AC995D00000076 /* Frameworks */,
				B832211321AC995D00000076 /* Resources */,
			);
			buildRules = (
			);
			dependencies = (
			);
			name = BodyWeightTracker;
			productName = BodyWeightTracker;
			productReference = B832211521AC995D00000076 /* BodyWeightTracker.app */;
			productType = "com.apple.product-type.application";
		};
		B832212821AC995E00000076 /* BodyWeightTrackerTests */ = {
			isa = PBXNativeTarget;
			buildConfigurationList = B832213521AC995E00000076 /* Build configuration list for PBXNativeTarget "BodyWeightTrackerTests" */;
			buildPhases = (
				B832212521AC995E00000076 /* Sources */,
				B832212621AC995E00000076 /* Frameworks */,
				B832212721AC995E00000076 /* Resources */,
			);
			buildRules = (
			);
			dependencies = (
				B832212B21AC995E00000076 /* PBXTargetDependency */,
			);
			name = BodyWeightTrackerTests;
			productName = BodyWeightTrackerTests;
			productReference = B832212921AC995E00000076 /* BodyWeightTrackerTests.xctest */;
			productType = "com.apple.product-type.bundle.unit-test";
		};
/* End PBXNativeTarget section */

/* Begin PBXProject section */
		B832210D21AC995D00000076 /* Project object */ = {
			isa = PBXProject;
			attributes = {
				LastSwiftUpdateCheck = 1010;
				LastUpgradeCheck = 1010;
				ORGANIZATIONNAME = "Benjamin Masters";
				TargetAttributes = {
					B832211421AC995D00000076 = {
						CreatedOnToolsVersion = 10.1;
					};
					B832212821AC995E00000076 = {
						CreatedOnToolsVersion = 10.1;
						TestTargetID = B832211421AC995D00000076;
					};
				};
			};
			buildConfigurationList = B832211021AC995D00000076 /* Build configuration list for PBXProject "BodyWeightTracker" */;
			compatibilityVersion = "Xcode 9.3";
			developmentRegion = en;
			hasScannedForEncodings = 0;
			knownRegions = (
				en,
				Base,
			);
			mainGroup = B832210C21AC995D00000076;
			productRefGroup = B832211621AC995D00000076 /* Products */;
			projectDirPath = "";
			projectRoot = "";
			targets = (
				B832211421AC995D00000076 /* BodyWeightTracker */,
				B832212821AC995E00000076 /* BodyWeightTrackerTests */,
			);
		};
/* End PBXProject section */

/* Begin PBXResourcesBuildPhase section */
		B832211321AC995D00000076 /* Resources */ = {
			isa = PBXResourcesBuildPhase;
			buildActionMask = 2147483647;
			files = (
				B832212321AC995E00000076 /* LaunchScreen.storyboard in Resources */,
				B832212021AC995E00000076 /* Assets.xcassets in Resources */,
				B832211E21AC995D00000076 /* Main.storyboard in Resources */,
			);
			runOnlyForDeploymentPostprocessing = 0;
		};
		B832212721AC995E00000076 /* Resources */ = {
			isa = PBXResourcesBuildPhase;
			buildActionMask = 2147483647;
			files = (
			);
			runOnlyForDeploymentPostprocessing = 0;
		};
/* End PBXResourcesBuildPhase section */

/* Begin PBXSourcesBuildPhase section */
		B832211121AC995D00000076 /* Sources */ = {
			isa = PBXSourcesBuildPhase;
			buildActionMask = 2147483647;
			files = (
				B832211B21AC995D00000076 /* ViewController.swift in Sources */,
				B899A5C421B1AD76009830C0 /* MeasurementTableViewController.swift in Sources */,
				B832211921AC995D00000076 /* AppDelegate.swift in Sources */,
				B832213C21ADDC8400000076 /* MeasurementDatabase.xcdatamodeld in Sources */,
				B899A5C221B1AC52009830C0 /* MeasurementTableCell.swift in Sources */,
			);
			runOnlyForDeploymentPostprocessing = 0;
		};
		B832212521AC995E00000076 /* Sources */ = {
			isa = PBXSourcesBuildPhase;
			buildActionMask = 2147483647;
			files = (
				B832212E21AC995E00000076 /* BodyWeightTrackerTests.swift in Sources */,
			);
			runOnlyForDeploymentPostprocessing = 0;
		};
/* End PBXSourcesBuildPhase section */

/* Begin PBXTargetDependency section */
		B832212B21AC995E00000076 /* PBXTargetDependency */ = {
			isa = PBXTargetDependency;
			target = B832211421AC995D00000076 /* BodyWeightTracker */;
			targetProxy = B832212A21AC995E00000076 /* PBXContainerItemProxy */;
		};
/* End PBXTargetDependency section */

/* Begin PBXVariantGroup section */
		B832211C21AC995D00000076 /* Main.storyboard */ = {
			isa = PBXVariantGroup;
			children = (
				B832211D21AC995D00000076 /* Base */,
			);
			name = Main.storyboard;
			sourceTree = "<group>";
		};
		B832212121AC995E00000076 /* LaunchScreen.storyboard */ = {
			isa = PBXVariantGroup;
			children = (
				B832212221AC995E00000076 /* Base */,
			);
			name = LaunchScreen.storyboard;
			sourceTree = "<group>";
		};
/* End PBXVariantGroup section */

/* Begin XCBuildConfiguration section */
		B832213021AC995E00000076 /* Debug */ = {
			isa = XCBuildConfiguration;
			buildSettings = {
				ALWAYS_SEARCH_USER_PATHS = NO;
				CLANG_ANALYZER_NONNULL = YES;
				CLANG_ANALYZER_NUMBER_OBJECT_CONVERSION = YES_AGGRESSIVE;
				CLANG_CXX_LANGUAGE_STANDARD = "gnu++14";
				CLANG_CXX_LIBRARY = "libc++";
				CLANG_ENABLE_MODULES = YES;
				CLANG_ENABLE_OBJC_ARC = YES;
				CLANG_ENABLE_OBJC_WEAK = YES;
				CLANG_WARN_BLOCK_CAPTURE_AUTORELEASING = YES;
				CLANG_WARN_BOOL_CONVERSION = YES;
				CLANG_WARN_COMMA = YES;
				CLANG_WARN_CONSTANT_CONVERSION = YES;
				CLANG_WARN_DEPRECATED_OBJC_IMPLEMENTATIONS = YES;
				CLANG_WARN_DIRECT_OBJC_ISA_USAGE = YES_ERROR;
				CLANG_WARN_DOCUMENTATION_COMMENTS = YES;
				CLANG_WARN_EMPTY_BODY = YES;
				CLANG_WARN_ENUM_CONVERSION = YES;
				CLANG_WARN_INFINITE_RECURSION = YES;
				CLANG_WARN_INT_CONVERSION = YES;
				CLANG_WARN_NON_LITERAL_NULL_CONVERSION = YES;
				CLANG_WARN_OBJC_IMPLICIT_RETAIN_SELF = YES;
				CLANG_WARN_OBJC_LITERAL_CONVERSION = YES;
				CLANG_WARN_OBJC_ROOT_CLASS = YES_ERROR;
				CLANG_WARN_RANGE_LOOP_ANALYSIS = YES;
				CLANG_WARN_STRICT_PROTOTYPES = YES;
				CLANG_WARN_SUSPICIOUS_MOVE = YES;
				CLANG_WARN_UNGUARDED_AVAILABILITY = YES_AGGRESSIVE;
				CLANG_WARN_UNREACHABLE_CODE = YES;
				CLANG_WARN__DUPLICATE_METHOD_MATCH = YES;
				CODE_SIGN_IDENTITY = "iPhone Developer";
				COPY_PHASE_STRIP = NO;
				DEBUG_INFORMATION_FORMAT = dwarf;
				ENABLE_STRICT_OBJC_MSGSEND = YES;
				ENABLE_TESTABILITY = YES;
				GCC_C_LANGUAGE_STANDARD = gnu11;
				GCC_DYNAMIC_NO_PIC = NO;
				GCC_NO_COMMON_BLOCKS = YES;
				GCC_OPTIMIZATION_LEVEL = 0;
				GCC_PREPROCESSOR_DEFINITIONS = (
					"DEBUG=1",
					"$(inherited)",
				);
				GCC_WARN_64_TO_32_BIT_CONVERSION = YES;
				GCC_WARN_ABOUT_RETURN_TYPE = YES_ERROR;
				GCC_WARN_UNDECLARED_SELECTOR = YES;
				GCC_WARN_UNINITIALIZED_AUTOS = YES_AGGRESSIVE;
				GCC_WARN_UNUSED_FUNCTION = YES;
				GCC_WARN_UNUSED_VARIABLE = YES;
				IPHONEOS_DEPLOYMENT_TARGET = 12.1;
				MTL_ENABLE_DEBUG_INFO = INCLUDE_SOURCE;
				MTL_FAST_MATH = YES;
				ONLY_ACTIVE_ARCH = YES;
				SDKROOT = iphoneos;
				SWIFT_ACTIVE_COMPILATION_CONDITIONS = DEBUG;
				SWIFT_OPTIMIZATION_LEVEL = "-Onone";
			};
			name = Debug;
		};
		B832213121AC995E00000076 /* Release */ = {
			isa = XCBuildConfiguration;
			buildSettings = {
				ALWAYS_SEARCH_USER_PATHS = NO;
				CLANG_ANALYZER_NONNULL = YES;
				CLANG_ANALYZER_NUMBER_OBJECT_CONVERSION = YES_AGGRESSIVE;
				CLANG_CXX_LANGUAGE_STANDARD = "gnu++14";
				CLANG_CXX_LIBRARY = "libc++";
				CLANG_ENABLE_MODULES = YES;
				CLANG_ENABLE_OBJC_ARC = YES;
				CLANG_ENABLE_OBJC_WEAK = YES;
				CLANG_WARN_BLOCK_CAPTURE_AUTORELEASING = YES;
				CLANG_WARN_BOOL_CONVERSION = YES;
				CLANG_WARN_COMMA = YES;
				CLANG_WARN_CONSTANT_CONVERSION = YES;
				CLANG_WARN_DEPRECATED_OBJC_IMPLEMENTATIONS = YES;
				CLANG_WARN_DIRECT_OBJC_ISA_USAGE = YES_ERROR;
				CLANG_WARN_DOCUMENTATION_COMMENTS = YES;
				CLANG_WARN_EMPTY_BODY = YES;
				CLANG_WARN_ENUM_CONVERSION = YES;
				CLANG_WARN_INFINITE_RECURSION = YES;
				CLANG_WARN_INT_CONVERSION = YES;
				CLANG_WARN_NON_LITERAL_NULL_CONVERSION = YES;
				CLANG_WARN_OBJC_IMPLICIT_RETAIN_SELF = YES;
				CLANG_WARN_OBJC_LITERAL_CONVERSION = YES;
				CLANG_WARN_OBJC_ROOT_CLASS = YES_ERROR;
				CLANG_WARN_RANGE_LOOP_ANALYSIS = YES;
				CLANG_WARN_STRICT_PROTOTYPES = YES;
				CLANG_WARN_SUSPICIOUS_MOVE = YES;
				CLANG_WARN_UNGUARDED_AVAILABILITY = YES_AGGRESSIVE;
				CLANG_WARN_UNREACHABLE_CODE = YES;
				CLANG_WARN__DUPLICATE_METHOD_MATCH = YES;
				CODE_SIGN_IDENTITY = "iPhone Developer";
				COPY_PHASE_STRIP = NO;
				DEBUG_INFORMATION_FORMAT = "dwarf-with-dsym";
				ENABLE_NS_ASSERTIONS = NO;
				ENABLE_STRICT_OBJC_MSGSEND = YES;
				GCC_C_LANGUAGE_STANDARD = gnu11;
				GCC_NO_COMMON_BLOCKS = YES;
				GCC_WARN_64_TO_32_BIT_CONVERSION = YES;
				GCC_WARN_ABOUT_RETURN_TYPE = YES_ERROR;
				GCC_WARN_UNDECLARED_SELECTOR = YES;
				GCC_WARN_UNINITIALIZED_AUTOS = YES_AGGRESSIVE;
				GCC_WARN_UNUSED_FUNCTION = YES;
				GCC_WARN_UNUSED_VARIABLE = YES;
				IPHONEOS_DEPLOYMENT_TARGET = 12.1;
				MTL_ENABLE_DEBUG_INFO = NO;
				MTL_FAST_MATH = YES;
				SDKROOT = iphoneos;
				SWIFT_COMPILATION_MODE = wholemodule;
				SWIFT_OPTIMIZATION_LEVEL = "-O";
				VALIDATE_PRODUCT = YES;
			};
			name = Release;
		};
		B832213321AC995E00000076 /* Debug */ = {
			isa = XCBuildConfiguration;
			buildSettings = {
				ASSETCATALOG_COMPILER_APPICON_NAME = AppIcon;
				CODE_SIGN_STYLE = Automatic;
				DEVELOPMENT_TEAM = 894JK8L3GF;
				GCC_WARN_UNUSED_VARIABLE = YES;
				INFOPLIST_FILE = BodyWeightTracker/Info.plist;
				LD_RUNPATH_SEARCH_PATHS = (
					"$(inherited)",
					"@executable_path/Frameworks",
				);
				PRODUCT_BUNDLE_IDENTIFIER = com.mastersbd.BodyWeightTracker;
				PRODUCT_NAME = "$(TARGET_NAME)";
				SWIFT_VERSION = 4.2;
				TARGETED_DEVICE_FAMILY = "1,2";
			};
			name = Debug;
		};
		B832213421AC995E00000076 /* Release */ = {
			isa = XCBuildConfiguration;
			buildSettings = {
				ASSETCATALOG_COMPILER_APPICON_NAME = AppIcon;
				CODE_SIGN_STYLE = Automatic;
				DEVELOPMENT_TEAM = 894JK8L3GF;
				GCC_WARN_UNUSED_VARIABLE = YES;
				INFOPLIST_FILE = BodyWeightTracker/Info.plist;
				LD_RUNPATH_SEARCH_PATHS = (
					"$(inherited)",
					"@executable_path/Frameworks",
				);
				PRODUCT_BUNDLE_IDENTIFIER = com.mastersbd.BodyWeightTracker;
				PRODUCT_NAME = "$(TARGET_NAME)";
				SWIFT_VERSION = 4.2;
				TARGETED_DEVICE_FAMILY = "1,2";
			};
			name = Release;
		};
		B832213621AC995E00000076 /* Debug */ = {
			isa = XCBuildConfiguration;
			buildSettings = {
				ALWAYS_EMBED_SWIFT_STANDARD_LIBRARIES = YES;
				BUNDLE_LOADER = "$(TEST_HOST)";
				CODE_SIGN_STYLE = Automatic;
				DEVELOPMENT_TEAM = 894JK8L3GF;
				INFOPLIST_FILE = BodyWeightTrackerTests/Info.plist;
				LD_RUNPATH_SEARCH_PATHS = (
					"$(inherited)",
					"@executable_path/Frameworks",
					"@loader_path/Frameworks",
				);
				PRODUCT_BUNDLE_IDENTIFIER = com.mastersbd.BodyWeightTrackerTests;
				PRODUCT_NAME = "$(TARGET_NAME)";
				SWIFT_VERSION = 4.2;
				TARGETED_DEVICE_FAMILY = "1,2";
				TEST_HOST = "$(BUILT_PRODUCTS_DIR)/BodyWeightTracker.app/BodyWeightTracker";
			};
			name = Debug;
		};
		B832213721AC995E00000076 /* Release */ = {
			isa = XCBuildConfiguration;
			buildSettings = {
				ALWAYS_EMBED_SWIFT_STANDARD_LIBRARIES = YES;
				BUNDLE_LOADER = "$(TEST_HOST)";
				CODE_SIGN_STYLE = Automatic;
				DEVELOPMENT_TEAM = 894JK8L3GF;
				INFOPLIST_FILE = BodyWeightTrackerTests/Info.plist;
				LD_RUNPATH_SEARCH_PATHS = (
					"$(inherited)",
					"@executable_path/Frameworks",
					"@loader_path/Frameworks",
				);
				PRODUCT_BUNDLE_IDENTIFIER = com.mastersbd.BodyWeightTrackerTests;
				PRODUCT_NAME = "$(TARGET_NAME)";
				SWIFT_VERSION = 4.2;
				TARGETED_DEVICE_FAMILY = "1,2";
				TEST_HOST = "$(BUILT_PRODUCTS_DIR)/BodyWeightTracker.app/BodyWeightTracker";
			};
			name = Release;
		};
/* End XCBuildConfiguration section */

/* Begin XCConfigurationList section */
		B832211021AC995D00000076 /* Build configuration list for PBXProject "BodyWeightTracker" */ = {
			isa = XCConfigurationList;
			buildConfigurations = (
				B832213021AC995E00000076 /* Debug */,
				B832213121AC995E00000076 /* Release */,
			);
			defaultConfigurationIsVisible = 0;
			defaultConfigurationName = Release;
		};
		B832213221AC995E00000076 /* Build configuration list for PBXNativeTarget "BodyWeightTracker" */ = {
			isa = XCConfigurationList;
			buildConfigurations = (
				B832213321AC995E00000076 /* Debug */,
				B832213421AC995E00000076 /* Release */,
			);
			defaultConfigurationIsVisible = 0;
			defaultConfigurationName = Release;
		};
		B832213521AC995E00000076 /* Build configuration list for PBXNativeTarget "BodyWeightTrackerTests" */ = {
			isa = XCConfigurationList;
			buildConfigurations = (
				B832213621AC995E00000076 /* Debug */,
				B832213721AC995E00000076 /* Release */,
			);
			defaultConfigurationIsVisible = 0;
			defaultConfigurationName = Release;
		};
/* End XCConfigurationList section */

/* Begin XCVersionGroup section */
		B832213A21ADDC8400000076 /* MeasurementDatabase.xcdatamodeld */ = {
			isa = XCVersionGroup;
			children = (
				B832213B21ADDC8400000076 /* MeasurementDatabase.xcdatamodel */,
			);
			currentVersion = B832213B21ADDC8400000076 /* MeasurementDatabase.xcdatamodel */;
			path = MeasurementDatabase.xcdatamodeld;
			sourceTree = "<group>";
			versionGroupType = wrapper.xcdatamodel;
		};
/* End XCVersionGroup section */
	};
	rootObject = B832210D21AC995D00000076 /* Project object */;
}
